
Microsoft Visual Studio Solution File, Format Version 12.00
# Visual Studio Version 16
VisualStudioVersion = 16.0.31728.76
MinimumVisualStudioVersion = 10.0.40219.1
Project("{9A19103F-16F7-4668-BE54-9A1E7A4F7556}") = "API", "API\API.csproj", "{551924B5-0C68-45CC-B183-81B801CA991D}"
EndProject
Project("{FAE04EC0-301F-11D3-BF4B-00C04F79EFBC}") = "Client", "Client\Client.csproj", "{AA4228F7-18C7-4B95-85C1-D1BB1ADD3F8C}"
EndProject
Global
	GlobalSection(SolutionConfigurationPlatforms) = preSolution
		Debug|Any CPU = Debug|Any CPU
		Release|Any CPU = Release|Any CPU
	EndGlobalSection
	GlobalSection(ProjectConfigurationPlatforms) = postSolution
		{551924B5-0C68-45CC-B183-81B801CA991D}.Debug|Any CPU.ActiveCfg = Debug|Any CPU
		{551924B5-0C68-45CC-B183-81B801CA991D}.Debug|Any CPU.Build.0 = Debug|Any CPU
		{551924B5-0C68-45CC-B183-81B801CA991D}.Release|Any CPU.ActiveCfg = Release|Any CPU
		{551924B5-0C68-45CC-B183-81B801CA991D}.Release|Any CPU.Build.0 = Release|Any CPU
		{AA4228F7-18C7-4B95-85C1-D1BB1ADD3F8C}.Debug|Any CPU.ActiveCfg = Debug|Any CPU
		{AA4228F7-18C7-4B95-85C1-D1BB1ADD3F8C}.Debug|Any CPU.Build.0 = Debug|Any CPU
		{AA4228F7-18C7-4B95-85C1-D1BB1ADD3F8C}.Release|Any CPU.ActiveCfg = Release|Any CPU
		{AA4228F7-18C7-4B95-85C1-D1BB1ADD3F8C}.Release|Any CPU.Build.0 = Release|Any CPU
	EndGlobalSection
	GlobalSection(SolutionProperties) = preSolution
		HideSolutionNode = FALSE
	EndGlobalSection
	GlobalSection(ExtensibilityGlobals) = postSolution
		SolutionGuid = {B8A912A3-9FE1-4D85-8807-C585ECFED2CA}
	EndGlobalSection
EndGlobal
